# THIS IS AN AUTOGENERATED FILE. DO NOT EDIT THIS FILE DIRECTLY.
# yarn lockfile v1


"@mantine/hooks@^5.10.3":
  version "5.10.3"
  resolved "https://registry.yarnpkg.com/@mantine/hooks/-/hooks-5.10.3.tgz#1a80a53d8f4e2ddf7da7b0912dcec6a51b55c1ae"
  integrity sha512-fFDXF0A596z10QKeWAGtTZJ4QotsMxhhbjfWWRHMogY/hXHQ2S+7+GFotpF2JbzefYztpawHEJevy3eYF8cQmQ==
